
Microsoft Visual Studio Solution File, Format Version 12.00
# Visual Studio Version 17
VisualStudioVersion = 17.3.32825.248
MinimumVisualStudioVersion = 10.0.40219.1
Project("{FAE04EC0-301F-11D3-BF4B-00C04F79EFBC}") = "firstsite", "firstsite\firstsite.csproj", "{5BE149C0-9AB1-4232-B342-DF67243AEE46}"
EndProject
Global
	GlobalSection(SolutionConfigurationPlatforms) = preSolution
		Debug|Any CPU = Debug|Any CPU
		Release|Any CPU = Release|Any CPU
	EndGlobalSection
	GlobalSection(ProjectConfigurationPlatforms) = postSolution
		{5BE149C0-9AB1-4232-B342-DF67243AEE46}.Debug|Any CPU.ActiveCfg = Debug|Any CPU
		{5BE149C0-9AB1-4232-B342-DF67243AEE46}.Debug|Any CPU.Build.0 = Debug|Any CPU
		{5BE149C0-9AB1-4232-B342-DF67243AEE46}.Release|Any CPU.ActiveCfg = Release|Any CPU
		{5BE149C0-9AB1-4232-B342-DF67243AEE46}.Release|Any CPU.Build.0 = Release|Any CPU
	EndGlobalSection
	GlobalSection(SolutionProperties) = preSolution
		HideSolutionNode = FALSE
	EndGlobalSection
	GlobalSection(ExtensibilityGlobals) = postSolution
		SolutionGuid = {1230E04C-B014-4854-A979-BBB082BFC730}
	EndGlobalSection
EndGlobal
